
Microsoft Visual Studio Solution File, Format Version 12.00
# Visual Studio 15
VisualStudioVersion = 15.0.27703.2042
MinimumVisualStudioVersion = 10.0.40219.1
Project("{FAE04EC0-301F-11D3-BF4B-00C04F79EFBC}") = "TravelPlannerAppProject", "TravelPlannerAppProject\TravelPlannerAppProject.csproj", "{2DB7EF1D-F51C-4E4B-B02C-16A8D622E80C}"
EndProject
Project("{FAE04EC0-301F-11D3-BF4B-00C04F79EFBC}") = "TravelPlanner.Data", "TravelPlanner.Data\TravelPlanner.Data.csproj", "{98D8369E-9288-42E9-AB0A-56A6DA9A249C}"
EndProject
Project("{2150E333-8FDC-42A3-9474-1A3956D46DE8}") = "stuff i might need", "stuff i might need", "{A213DF22-DB75-4664-B546-93CCE0DE8101}"
	ProjectSection(SolutionItems) = preProject
		Stuff_I_Might_Need.txt = Stuff_I_Might_Need.txt
	EndProjectSection
EndProject
Project("{FAE04EC0-301F-11D3-BF4B-00C04F79EFBC}") = "TravelPlanner.Models", "TravelPlanner.Models\TravelPlanner.Models.csproj", "{B8A25946-9B7C-4D30-8BDA-8A16D928AD59}"
EndProject
Project("{FAE04EC0-301F-11D3-BF4B-00C04F79EFBC}") = "TravelPlanner.Contracts", "TravelPlanner.Contracts\TravelPlanner.Contracts.csproj", "{0B637211-130E-469C-8B91-640E8CCD6417}"
EndProject
Project("{FAE04EC0-301F-11D3-BF4B-00C04F79EFBC}") = "TravelPlanner.Services", "TravelPlanner.Services\TravelPlanner.Services.csproj", "{32F37C8F-3528-482E-A531-D587A0CB67C7}"
EndProject
Global
	GlobalSection(SolutionConfigurationPlatforms) = preSolution
		Debug|Any CPU = Debug|Any CPU
		Release|Any CPU = Release|Any CPU
	EndGlobalSection
	GlobalSection(ProjectConfigurationPlatforms) = postSolution
		{2DB7EF1D-F51C-4E4B-B02C-16A8D622E80C}.Debug|Any CPU.ActiveCfg = Debug|Any CPU
		{2DB7EF1D-F51C-4E4B-B02C-16A8D622E80C}.Debug|Any CPU.Build.0 = Debug|Any CPU
		{2DB7EF1D-F51C-4E4B-B02C-16A8D622E80C}.Release|Any CPU.ActiveCfg = Release|Any CPU
		{2DB7EF1D-F51C-4E4B-B02C-16A8D622E80C}.Release|Any CPU.Build.0 = Release|Any CPU
		{98D8369E-9288-42E9-AB0A-56A6DA9A249C}.Debug|Any CPU.ActiveCfg = Debug|Any CPU
		{98D8369E-9288-42E9-AB0A-56A6DA9A249C}.Debug|Any CPU.Build.0 = Debug|Any CPU
		{98D8369E-9288-42E9-AB0A-56A6DA9A249C}.Release|Any CPU.ActiveCfg = Release|Any CPU
		{98D8369E-9288-42E9-AB0A-56A6DA9A249C}.Release|Any CPU.Build.0 = Release|Any CPU
		{B8A25946-9B7C-4D30-8BDA-8A16D928AD59}.Debug|Any CPU.ActiveCfg = Debug|Any CPU
		{B8A25946-9B7C-4D30-8BDA-8A16D928AD59}.Debug|Any CPU.Build.0 = Debug|Any CPU
		{B8A25946-9B7C-4D30-8BDA-8A16D928AD59}.Release|Any CPU.ActiveCfg = Release|Any CPU
		{B8A25946-9B7C-4D30-8BDA-8A16D928AD59}.Release|Any CPU.Build.0 = Release|Any CPU
		{0B637211-130E-469C-8B91-640E8CCD6417}.Debug|Any CPU.ActiveCfg = Debug|Any CPU
		{0B637211-130E-469C-8B91-640E8CCD6417}.Debug|Any CPU.Build.0 = Debug|Any CPU
		{0B637211-130E-469C-8B91-640E8CCD6417}.Release|Any CPU.ActiveCfg = Release|Any CPU
		{0B637211-130E-469C-8B91-640E8CCD6417}.Release|Any CPU.Build.0 = Release|Any CPU
		{32F37C8F-3528-482E-A531-D587A0CB67C7}.Debug|Any CPU.ActiveCfg = Debug|Any CPU
		{32F37C8F-3528-482E-A531-D587A0CB67C7}.Debug|Any CPU.Build.0 = Debug|Any CPU
		{32F37C8F-3528-482E-A531-D587A0CB67C7}.Release|Any CPU.ActiveCfg = Release|Any CPU
		{32F37C8F-3528-482E-A531-D587A0CB67C7}.Release|Any CPU.Build.0 = Release|Any CPU
	EndGlobalSection
	GlobalSection(SolutionProperties) = preSolution
		HideSolutionNode = FALSE
	EndGlobalSection
	GlobalSection(ExtensibilityGlobals) = postSolution
		SolutionGuid = {DF8DE47A-B414-4C31-AF52-E25C15856EF8}
	EndGlobalSection
EndGlobal
